// !$*UTF8*$!
{
	archiveVersion = 1;
	classes = {
	};
	objectVersion = 56;
	objects = {

/* Begin PBXBuildFile section */
		F45024502A73A49900D8C1DD /* LogoNameApp.swift in Sources */ = {isa = PBXBuildFile; fileRef = F450244F2A73A49900D8C1DD /* LogoNameApp.swift */; };
		F45024522A73A49900D8C1DD /* ContentView.swift in Sources */ = {isa = PBXBuildFile; fileRef = F45024512A73A49900D8C1DD /* ContentView.swift */; };
		F45024542A73A49A00D8C1DD /* Assets.xcassets in Resources */ = {isa = PBXBuildFile; fileRef = F45024532A73A49A00D8C1DD /* Assets.xcassets */; };
		F45024572A73A49A00D8C1DD /* Preview Assets.xcassets in Resources */ = {isa = PBXBuildFile; fileRef = F45024562A73A49A00D8C1DD /* Preview Assets.xcassets */; };
		F45024612A73A49B00D8C1DD /* LogoNameTests.swift in Sources */ = {isa = PBXBuildFile; fileRef = F45024602A73A49B00D8C1DD /* LogoNameTests.swift */; };
		F450246B2A73A49B00D8C1DD /* LogoNameUITests.swift in Sources */ = {isa = PBXBuildFile; fileRef = F450246A2A73A49B00D8C1DD /* LogoNameUITests.swift */; };
		F450246D2A73A49B00D8C1DD /* LogoNameUITestsLaunchTests.swift in Sources */ = {isa = PBXBuildFile; fileRef = F450246C2A73A49B00D8C1DD /* LogoNameUITestsLaunchTests.swift */; };
		F450247A2A73B1D200D8C1DD /* Logo.swift in Sources */ = {isa = PBXBuildFile; fileRef = F45024792A73B1D200D8C1DD /* Logo.swift */; };
		F450247C2A73B57300D8C1DD /* InfoView.swift in Sources */ = {isa = PBXBuildFile; fileRef = F450247B2A73B57300D8C1DD /* InfoView.swift */; };
		F450247E2A73BE3000D8C1DD /* Testing.swift in Sources */ = {isa = PBXBuildFile; fileRef = F450247D2A73BE3000D8C1DD /* Testing.swift */; };
		F45024802A73BE6C00D8C1DD /* TestingInfoView.swift in Sources */ = {isa = PBXBuildFile; fileRef = F450247F2A73BE6C00D8C1DD /* TestingInfoView.swift */; };
/* End PBXBuildFile section */

/* Begin PBXContainerItemProxy section */
		F450245D2A73A49B00D8C1DD /* PBXContainerItemProxy */ = {
			isa = PBXContainerItemProxy;
			containerPortal = F45024442A73A49800D8C1DD /* Project object */;
			proxyType = 1;
			remoteGlobalIDString = F450244B2A73A49800D8C1DD;
			remoteInfo = LogoName;
		};
		F45024672A73A49B00D8C1DD /* PBXContainerItemProxy */ = {
			isa = PBXContainerItemProxy;
			containerPortal = F45024442A73A49800D8C1DD /* Project object */;
			proxyType = 1;
			remoteGlobalIDString = F450244B2A73A49800D8C1DD;
			remoteInfo = LogoName;
		};
/* End PBXContainerItemProxy section */

/* Begin PBXFileReference section */
		F450244C2A73A49900D8C1DD /* LogoName.app */ = {isa = PBXFileReference; explicitFileType = wrapper.application; includeInIndex = 0; path = LogoName.app; sourceTree = BUILT_PRODUCTS_DIR; };
		F450244F2A73A49900D8C1DD /* LogoNameApp.swift */ = {isa = PBXFileReference; lastKnownFileType = sourcecode.swift; path = LogoNameApp.swift; sourceTree = "<group>"; };
		F45024512A73A49900D8C1DD /* ContentView.swift */ = {isa = PBXFileReference; lastKnownFileType = sourcecode.swift; path = ContentView.swift; sourceTree = "<group>"; };
		F45024532A73A49A00D8C1DD /* Assets.xcassets */ = {isa = PBXFileReference; lastKnownFileType = folder.assetcatalog; path = Assets.xcassets; sourceTree = "<group>"; };
		F45024562A73A49A00D8C1DD /* Preview Assets.xcassets */ = {isa = PBXFileReference; lastKnownFileType = folder.assetcatalog; path = "Preview Assets.xcassets"; sourceTree = "<group>"; };
		F450245C2A73A49B00D8C1DD /* LogoNameTests.xctest */ = {isa = PBXFileReference; explicitFileType = wrapper.cfbundle; includeInIndex = 0; path = LogoNameTests.xctest; sourceTree = BUILT_PRODUCTS_DIR; };
		F45024602A73A49B00D8C1DD /* LogoNameTests.swift */ = {isa = PBXFileReference; lastKnownFileType = sourcecode.swift; path = LogoNameTests.swift; sourceTree = "<group>"; };
		F45024662A73A49B00D8C1DD /* LogoNameUITests.xctest */ = {isa = PBXFileReference; explicitFileType = wrapper.cfbundle; includeInIndex = 0; path = LogoNameUITests.xctest; sourceTree = BUILT_PRODUCTS_DIR; };
		F450246A2A73A49B00D8C1DD /* LogoNameUITests.swift */ = {isa = PBXFileReference; lastKnownFileType = sourcecode.swift; path = LogoNameUITests.swift; sourceTree = "<group>"; };
		F450246C2A73A49B00D8C1DD /* LogoNameUITestsLaunchTests.swift */ = {isa = PBXFileReference; lastKnownFileType = sourcecode.swift; path = LogoNameUITestsLaunchTests.swift; sourceTree = "<group>"; };
		F45024792A73B1D200D8C1DD /* Logo.swift */ = {isa = PBXFileReference; lastKnownFileType = sourcecode.swift; path = Logo.swift; sourceTree = "<group>"; };
		F450247B2A73B57300D8C1DD /* InfoView.swift */ = {isa = PBXFileReference; lastKnownFileType = sourcecode.swift; path = InfoView.swift; sourceTree = "<group>"; };
		F450247D2A73BE3000D8C1DD /* Testing.swift */ = {isa = PBXFileReference; lastKnownFileType = sourcecode.swift; path = Testing.swift; sourceTree = "<group>"; };
		F450247F2A73BE6C00D8C1DD /* TestingInfoView.swift */ = {isa = PBXFileReference; lastKnownFileType = sourcecode.swift; path = TestingInfoView.swift; sourceTree = "<group>"; };
/* End PBXFileReference section */

/* Begin PBXFrameworksBuildPhase section */
		F45024492A73A49800D8C1DD /* Frameworks */ = {
			isa = PBXFrameworksBuildPhase;
			buildActionMask = 2147483647;
			files = (
			);
			runOnlyForDeploymentPostprocessing = 0;
		};
		F45024592A73A49B00D8C1DD /* Frameworks */ = {
			isa = PBXFrameworksBuildPhase;
			buildActionMask = 2147483647;
			files = (
			);
			runOnlyForDeploymentPostprocessing = 0;
		};
		F45024632A73A49B00D8C1DD /* Frameworks */ = {
			isa = PBXFrameworksBuildPhase;
			buildActionMask = 2147483647;
			files = (
			);
			runOnlyForDeploymentPostprocessing = 0;
		};
/* End PBXFrameworksBuildPhase section */

/* Begin PBXGroup section */
		F45024432A73A49800D8C1DD = {
			isa = PBXGroup;
			children = (
				F450244E2A73A49900D8C1DD /* LogoName */,
				F450245F2A73A49B00D8C1DD /* LogoNameTests */,
				F45024692A73A49B00D8C1DD /* LogoNameUITests */,
				F450244D2A73A49900D8C1DD /* Products */,
			);
			sourceTree = "<group>";
		};
		F450244D2A73A49900D8C1DD /* Products */ = {
			isa = PBXGroup;
			children = (
				F450244C2A73A49900D8C1DD /* LogoName.app */,
				F450245C2A73A49B00D8C1DD /* LogoNameTests.xctest */,
				F45024662A73A49B00D8C1DD /* LogoNameUITests.xctest */,
			);
			name = Products;
			sourceTree = "<group>";
		};
		F450244E2A73A49900D8C1DD /* LogoName */ = {
			isa = PBXGroup;
			children = (
				F47C221E2A7B8DCE0082B80C /* View */,
				F47C221D2A7B8D030082B80C /* Model */,
				F450244F2A73A49900D8C1DD /* LogoNameApp.swift */,
				F45024792A73B1D200D8C1DD /* Logo.swift */,
				F450247D2A73BE3000D8C1DD /* Testing.swift */,
				F45024532A73A49A00D8C1DD /* Assets.xcassets */,
				F45024552A73A49A00D8C1DD /* Preview Content */,
			);
			path = LogoName;
			sourceTree = "<group>";
		};
		F45024552A73A49A00D8C1DD /* Preview Content */ = {
			isa = PBXGroup;
			children = (
				F45024562A73A49A00D8C1DD /* Preview Assets.xcassets */,
				F450247B2A73B57300D8C1DD /* InfoView.swift */,
			);
			path = "Preview Content";
			sourceTree = "<group>";
		};
		F450245F2A73A49B00D8C1DD /* LogoNameTests */ = {
			isa = PBXGroup;
			children = (
				F45024602A73A49B00D8C1DD /* LogoNameTests.swift */,
			);
			path = LogoNameTests;
			sourceTree = "<group>";
		};
		F45024692A73A49B00D8C1DD /* LogoNameUITests */ = {
			isa = PBXGroup;
			children = (
				F450246A2A73A49B00D8C1DD /* LogoNameUITests.swift */,
				F450246C2A73A49B00D8C1DD /* LogoNameUITestsLaunchTests.swift */,
			);
			path = LogoNameUITests;
			sourceTree = "<group>";
		};
		F47C221D2A7B8D030082B80C /* Model */ = {
			isa = PBXGroup;
			children = (
			);
			path = Model;
			sourceTree = "<group>";
		};
		F47C221E2A7B8DCE0082B80C /* View */ = {
			isa = PBXGroup;
			children = (
				F450247F2A73BE6C00D8C1DD /* TestingInfoView.swift */,
				F45024512A73A49900D8C1DD /* ContentView.swift */,
			);
			path = View;
			sourceTree = "<group>";
		};
/* End PBXGroup section */

/* Begin PBXNativeTarget section */
		F450244B2A73A49800D8C1DD /* LogoName */ = {
			isa = PBXNativeTarget;
			buildConfigurationList = F45024702A73A49B00D8C1DD /* Build configuration list for PBXNativeTarget "LogoName" */;
			buildPhases = (
				F45024482A73A49800D8C1DD /* Sources */,
				F45024492A73A49800D8C1DD /* Frameworks */,
				F450244A2A73A49800D8C1DD /* Resources */,
			);
			buildRules = (
			);
			dependencies = (
			);
			name = LogoName;
			productName = LogoName;
			productReference = F450244C2A73A49900D8C1DD /* LogoName.app */;
			productType = "com.apple.product-type.application";
		};
		F450245B2A73A49B00D8C1DD /* LogoNameTests */ = {
			isa = PBXNativeTarget;
			buildConfigurationList = F45024732A73A49B00D8C1DD /* Build configuration list for PBXNativeTarget "LogoNameTests" */;
			buildPhases = (
				F45024582A73A49B00D8C1DD /* Sources */,
				F45024592A73A49B00D8C1DD /* Frameworks */,
				F450245A2A73A49B00D8C1DD /* Resources */,
			);
			buildRules = (
			);
			dependencies = (
				F450245E2A73A49B00D8C1DD /* PBXTargetDependency */,
			);
			name = LogoNameTests;
			productName = LogoNameTests;
			productReference = F450245C2A73A49B00D8C1DD /* LogoNameTests.xctest */;
			productType = "com.apple.product-type.bundle.unit-test";
		};
		F45024652A73A49B00D8C1DD /* LogoNameUITests */ = {
			isa = PBXNativeTarget;
			buildConfigurationList = F45024762A73A49B00D8C1DD /* Build configuration list for PBXNativeTarget "LogoNameUITests" */;
			buildPhases = (
				F45024622A73A49B00D8C1DD /* Sources */,
				F45024632A73A49B00D8C1DD /* Frameworks */,
				F45024642A73A49B00D8C1DD /* Resources */,
			);
			buildRules = (
			);
			dependencies = (
				F45024682A73A49B00D8C1DD /* PBXTargetDependency */,
			);
			name = LogoNameUITests;
			productName = LogoNameUITests;
			productReference = F45024662A73A49B00D8C1DD /* LogoNameUITests.xctest */;
			productType = "com.apple.product-type.bundle.ui-testing";
		};
/* End PBXNativeTarget section */

/* Begin PBXProject section */
		F45024442A73A49800D8C1DD /* Project object */ = {
			isa = PBXProject;
			attributes = {
				BuildIndependentTargetsInParallel = 1;
				LastSwiftUpdateCheck = 1430;
				LastUpgradeCheck = 1430;
				TargetAttributes = {
					F450244B2A73A49800D8C1DD = {
						CreatedOnToolsVersion = 14.3.1;
					};
					F450245B2A73A49B00D8C1DD = {
						CreatedOnToolsVersion = 14.3.1;
						TestTargetID = F450244B2A73A49800D8C1DD;
					};
					F45024652A73A49B00D8C1DD = {
						CreatedOnToolsVersion = 14.3.1;
						TestTargetID = F450244B2A73A49800D8C1DD;
					};
				};
			};
			buildConfigurationList = F45024472A73A49800D8C1DD /* Build configuration list for PBXProject "LogoName" */;
			compatibilityVersion = "Xcode 14.0";
			developmentRegion = en;
			hasScannedForEncodings = 0;
			knownRegions = (
				en,
				Base,
			);
			mainGroup = F45024432A73A49800D8C1DD;
			productRefGroup = F450244D2A73A49900D8C1DD /* Products */;
			projectDirPath = "";
			projectRoot = "";
			targets = (
				F450244B2A73A49800D8C1DD /* LogoName */,
				F450245B2A73A49B00D8C1DD /* LogoNameTests */,
				F45024652A73A49B00D8C1DD /* LogoNameUITests */,
			);
		};
/* End PBXProject section */

/* Begin PBXResourcesBuildPhase section */
		F450244A2A73A49800D8C1DD /* Resources */ = {
			isa = PBXResourcesBuildPhase;
			buildActionMask = 2147483647;
			files = (
				F45024572A73A49A00D8C1DD /* Preview Assets.xcassets in Resources */,
				F45024542A73A49A00D8C1DD /* Assets.xcassets in Resources */,
			);
			runOnlyForDeploymentPostprocessing = 0;
		};
		F450245A2A73A49B00D8C1DD /* Resources */ = {
			isa = PBXResourcesBuildPhase;
			buildActionMask = 2147483647;
			files = (
			);
			runOnlyForDeploymentPostprocessing = 0;
		};
		F45024642A73A49B00D8C1DD /* Resources */ = {
			isa = PBXResourcesBuildPhase;
			buildActionMask = 2147483647;
			files = (
			);
			runOnlyForDeploymentPostprocessing = 0;
		};
/* End PBXResourcesBuildPhase section */

/* Begin PBXSourcesBuildPhase section */
		F45024482A73A49800D8C1DD /* Sources */ = {
			isa = PBXSourcesBuildPhase;
			buildActionMask = 2147483647;
			files = (
				F450247C2A73B57300D8C1DD /* InfoView.swift in Sources */,
				F45024802A73BE6C00D8C1DD /* TestingInfoView.swift in Sources */,
				F45024522A73A49900D8C1DD /* ContentView.swift in Sources */,
				F450247E2A73BE3000D8C1DD /* Testing.swift in Sources */,
				F450247A2A73B1D200D8C1DD /* Logo.swift in Sources */,
				F45024502A73A49900D8C1DD /* LogoNameApp.swift in Sources */,
			);
			runOnlyForDeploymentPostprocessing = 0;
		};
		F45024582A73A49B00D8C1DD /* Sources */ = {
			isa = PBXSourcesBuildPhase;
			buildActionMask = 2147483647;
			files = (
				F45024612A73A49B00D8C1DD /* LogoNameTests.swift in Sources */,
			);
			runOnlyForDeploymentPostprocessing = 0;
		};
		F45024622A73A49B00D8C1DD /* Sources */ = {
			isa = PBXSourcesBuildPhase;
			buildActionMask = 2147483647;
			files = (
				F450246D2A73A49B00D8C1DD /* LogoNameUITestsLaunchTests.swift in Sources */,
				F450246B2A73A49B00D8C1DD /* LogoNameUITests.swift in Sources */,
			);
			runOnlyForDeploymentPostprocessing = 0;
		};
/* End PBXSourcesBuildPhase section */

/* Begin PBXTargetDependency section */
		F450245E2A73A49B00D8C1DD /* PBXTargetDependency */ = {
			isa = PBXTargetDependency;
			target = F450244B2A73A49800D8C1DD /* LogoName */;
			targetProxy = F450245D2A73A49B00D8C1DD /* PBXContainerItemProxy */;
		};
		F45024682A73A49B00D8C1DD /* PBXTargetDependency */ = {
			isa = PBXTargetDependency;
			target = F450244B2A73A49800D8C1DD /* LogoName */;
			targetProxy = F45024672A73A49B00D8C1DD /* PBXContainerItemProxy */;
		};
/* End PBXTargetDependency section */

/* Begin XCBuildConfiguration section */
		F450246E2A73A49B00D8C1DD /* Debug */ = {
			isa = XCBuildConfiguration;
			buildSettings = {
				ALWAYS_SEARCH_USER_PATHS = NO;
				CLANG_ANALYZER_NONNULL = YES;
				CLANG_ANALYZER_NUMBER_OBJECT_CONVERSION = YES_AGGRESSIVE;
				CLANG_CXX_LANGUAGE_STANDARD = "gnu++20";
				CLANG_ENABLE_MODULES = YES;
				CLANG_ENABLE_OBJC_ARC = YES;
				CLANG_ENABLE_OBJC_WEAK = YES;
				CLANG_WARN_BLOCK_CAPTURE_AUTORELEASING = YES;
				CLANG_WARN_BOOL_CONVERSION = YES;
				CLANG_WARN_COMMA = YES;
				CLANG_WARN_CONSTANT_CONVERSION = YES;
				CLANG_WARN_DEPRECATED_OBJC_IMPLEMENTATIONS = YES;
				CLANG_WARN_DIRECT_OBJC_ISA_USAGE = YES_ERROR;
				CLANG_WARN_DOCUMENTATION_COMMENTS = YES;
				CLANG_WARN_EMPTY_BODY = YES;
				CLANG_WARN_ENUM_CONVERSION = YES;
				CLANG_WARN_INFINITE_RECURSION = YES;
				CLANG_WARN_INT_CONVERSION = YES;
				CLANG_WARN_NON_LITERAL_NULL_CONVERSION = YES;
				CLANG_WARN_OBJC_IMPLICIT_RETAIN_SELF = YES;
				CLANG_WARN_OBJC_LITERAL_CONVERSION = YES;
				CLANG_WARN_OBJC_ROOT_CLASS = YES_ERROR;
				CLANG_WARN_QUOTED_INCLUDE_IN_FRAMEWORK_HEADER = YES;
				CLANG_WARN_RANGE_LOOP_ANALYSIS = YES;
				CLANG_WARN_STRICT_PROTOTYPES = YES;
				CLANG_WARN_SUSPICIOUS_MOVE = YES;
				CLANG_WARN_UNGUARDED_AVAILABILITY = YES_AGGRESSIVE;
				CLANG_WARN_UNREACHABLE_CODE = YES;
				CLANG_WARN__DUPLICATE_METHOD_MATCH = YES;
				COPY_PHASE_STRIP = NO;
				DEBUG_INFORMATION_FORMAT = dwarf;
				ENABLE_STRICT_OBJC_MSGSEND = YES;
				ENABLE_TESTABILITY = YES;
				GCC_C_LANGUAGE_STANDARD = gnu11;
				GCC_DYNAMIC_NO_PIC = NO;
				GCC_NO_COMMON_BLOCKS = YES;
				GCC_OPTIMIZATION_LEVEL = 0;
				GCC_PREPROCESSOR_DEFINITIONS = (
					"DEBUG=1",
					"$(inherited)",
				);
				GCC_WARN_64_TO_32_BIT_CONVERSION = YES;
				GCC_WARN_ABOUT_RETURN_TYPE = YES_ERROR;
				GCC_WARN_UNDECLARED_SELECTOR = YES;
				GCC_WARN_UNINITIALIZED_AUTOS = YES_AGGRESSIVE;
				GCC_WARN_UNUSED_FUNCTION = YES;
				GCC_WARN_UNUSED_VARIABLE = YES;
				IPHONEOS_DEPLOYMENT_TARGET = 16.4;
				MTL_ENABLE_DEBUG_INFO = INCLUDE_SOURCE;
				MTL_FAST_MATH = YES;
				ONLY_ACTIVE_ARCH = YES;
				SDKROOT = iphoneos;
				SWIFT_ACTIVE_COMPILATION_CONDITIONS = DEBUG;
				SWIFT_OPTIMIZATION_LEVEL = "-Onone";
			};
			name = Debug;
		};
		F450246F2A73A49B00D8C1DD /* Release */ = {
			isa = XCBuildConfiguration;
			buildSettings = {
				ALWAYS_SEARCH_USER_PATHS = NO;
				CLANG_ANALYZER_NONNULL = YES;
				CLANG_ANALYZER_NUMBER_OBJECT_CONVERSION = YES_AGGRESSIVE;
				CLANG_CXX_LANGUAGE_STANDARD = "gnu++20";
				CLANG_ENABLE_MODULES = YES;
				CLANG_ENABLE_OBJC_ARC = YES;
				CLANG_ENABLE_OBJC_WEAK = YES;
				CLANG_WARN_BLOCK_CAPTURE_AUTORELEASING = YES;
				CLANG_WARN_BOOL_CONVERSION = YES;
				CLANG_WARN_COMMA = YES;
				CLANG_WARN_CONSTANT_CONVERSION = YES;
				CLANG_WARN_DEPRECATED_OBJC_IMPLEMENTATIONS = YES;
				CLANG_WARN_DIRECT_OBJC_ISA_USAGE = YES_ERROR;
				CLANG_WARN_DOCUMENTATION_COMMENTS = YES;
				CLANG_WARN_EMPTY_BODY = YES;
				CLANG_WARN_ENUM_CONVERSION = YES;
				CLANG_WARN_INFINITE_RECURSION = YES;
				CLANG_WARN_INT_CONVERSION = YES;
				CLANG_WARN_NON_LITERAL_NULL_CONVERSION = YES;
				CLANG_WARN_OBJC_IMPLICIT_RETAIN_SELF = YES;
				CLANG_WARN_OBJC_LITERAL_CONVERSION = YES;
				CLANG_WARN_OBJC_ROOT_CLASS = YES_ERROR;
				CLANG_WARN_QUOTED_INCLUDE_IN_FRAMEWORK_HEADER = YES;
				CLANG_WARN_RANGE_LOOP_ANALYSIS = YES;
				CLANG_WARN_STRICT_PROTOTYPES = YES;
				CLANG_WARN_SUSPICIOUS_MOVE = YES;
				CLANG_WARN_UNGUARDED_AVAILABILITY = YES_AGGRESSIVE;
				CLANG_WARN_UNREACHABLE_CODE = YES;
				CLANG_WARN__DUPLICATE_METHOD_MATCH = YES;
				COPY_PHASE_STRIP = NO;
				DEBUG_INFORMATION_FORMAT = "dwarf-with-dsym";
				ENABLE_NS_ASSERTIONS = NO;
				ENABLE_STRICT_OBJC_MSGSEND = YES;
				GCC_C_LANGUAGE_STANDARD = gnu11;
				GCC_NO_COMMON_BLOCKS = YES;
				GCC_WARN_64_TO_32_BIT_CONVERSION = YES;
				GCC_WARN_ABOUT_RETURN_TYPE = YES_ERROR;
				GCC_WARN_UNDECLARED_SELECTOR = YES;
				GCC_WARN_UNINITIALIZED_AUTOS = YES_AGGRESSIVE;
				GCC_WARN_UNUSED_FUNCTION = YES;
				GCC_WARN_UNUSED_VARIABLE = YES;
				IPHONEOS_DEPLOYMENT_TARGET = 16.4;
				MTL_ENABLE_DEBUG_INFO = NO;
				MTL_FAST_MATH = YES;
				SDKROOT = iphoneos;
				SWIFT_COMPILATION_MODE = wholemodule;
				SWIFT_OPTIMIZATION_LEVEL = "-O";
				VALIDATE_PRODUCT = YES;
			};
			name = Release;
		};
		F45024712A73A49B00D8C1DD /* Debug */ = {
			isa = XCBuildConfiguration;
			buildSettings = {
				ASSETCATALOG_COMPILER_APPICON_NAME = AppIcon;
				ASSETCATALOG_COMPILER_GLOBAL_ACCENT_COLOR_NAME = AccentColor;
				CODE_SIGN_STYLE = Automatic;
				CURRENT_PROJECT_VERSION = 1;
				DEVELOPMENT_ASSET_PATHS = "\"LogoName/Preview Content\"";
				ENABLE_PREVIEWS = YES;
				GENERATE_INFOPLIST_FILE = YES;
				INFOPLIST_KEY_UIApplicationSceneManifest_Generation = YES;
				INFOPLIST_KEY_UIApplicationSupportsIndirectInputEvents = YES;
				INFOPLIST_KEY_UILaunchScreen_Generation = YES;
				INFOPLIST_KEY_UISupportedInterfaceOrientations_iPad = "UIInterfaceOrientationPortrait UIInterfaceOrientationPortraitUpsideDown UIInterfaceOrientationLandscapeLeft UIInterfaceOrientationLandscapeRight";
				INFOPLIST_KEY_UISupportedInterfaceOrientations_iPhone = "UIInterfaceOrientationPortrait UIInterfaceOrientationLandscapeLeft UIInterfaceOrientationLandscapeRight";
				LD_RUNPATH_SEARCH_PATHS = (
					"$(inherited)",
					"@executable_path/Frameworks",
				);
				MARKETING_VERSION = 1.0;
				PRODUCT_BUNDLE_IDENTIFIER = s3819347.asm1.LogoName;
				PRODUCT_NAME = "$(TARGET_NAME)";
				SWIFT_EMIT_LOC_STRINGS = YES;
				SWIFT_VERSION = 5.0;
				TARGETED_DEVICE_FAMILY = "1,2";
			};
			name = Debug;
		};
		F45024722A73A49B00D8C1DD /* Release */ = {
			isa = XCBuildConfiguration;
			buildSettings = {
				ASSETCATALOG_COMPILER_APPICON_NAME = AppIcon;
				ASSETCATALOG_COMPILER_GLOBAL_ACCENT_COLOR_NAME = AccentColor;
				CODE_SIGN_STYLE = Automatic;
				CURRENT_PROJECT_VERSION = 1;
				DEVELOPMENT_ASSET_PATHS = "\"LogoName/Preview Content\"";
				ENABLE_PREVIEWS = YES;
				GENERATE_INFOPLIST_FILE = YES;
				INFOPLIST_KEY_UIApplicationSceneManifest_Generation = YES;
				INFOPLIST_KEY_UIApplicationSupportsIndirectInputEvents = YES;
				INFOPLIST_KEY_UILaunchScreen_Generation = YES;
				INFOPLIST_KEY_UISupportedInterfaceOrientations_iPad = "UIInterfaceOrientationPortrait UIInterfaceOrientationPortraitUpsideDown UIInterfaceOrientationLandscapeLeft UIInterfaceOrientationLandscapeRight";
				INFOPLIST_KEY_UISupportedInterfaceOrientations_iPhone = "UIInterfaceOrientationPortrait UIInterfaceOrientationLandscapeLeft UIInterfaceOrientationLandscapeRight";
				LD_RUNPATH_SEARCH_PATHS = (
					"$(inherited)",
					"@executable_path/Frameworks",
				);
				MARKETING_VERSION = 1.0;
				PRODUCT_BUNDLE_IDENTIFIER = s3819347.asm1.LogoName;
				PRODUCT_NAME = "$(TARGET_NAME)";
				SWIFT_EMIT_LOC_STRINGS = YES;
				SWIFT_VERSION = 5.0;
				TARGETED_DEVICE_FAMILY = "1,2";
			};
			name = Release;
		};
		F45024742A73A49B00D8C1DD /* Debug */ = {
			isa = XCBuildConfiguration;
			buildSettings = {
				ALWAYS_EMBED_SWIFT_STANDARD_LIBRARIES = YES;
				BUNDLE_LOADER = "$(TEST_HOST)";
				CODE_SIGN_STYLE = Automatic;
				CURRENT_PROJECT_VERSION = 1;
				GENERATE_INFOPLIST_FILE = YES;
				IPHONEOS_DEPLOYMENT_TARGET = 16.4;
				MARKETING_VERSION = 1.0;
				PRODUCT_BUNDLE_IDENTIFIER = s3819347.asm1.LogoNameTests;
				PRODUCT_NAME = "$(TARGET_NAME)";
				SWIFT_EMIT_LOC_STRINGS = NO;
				SWIFT_VERSION = 5.0;
				TARGETED_DEVICE_FAMILY = "1,2";
				TEST_HOST = "$(BUILT_PRODUCTS_DIR)/LogoName.app/$(BUNDLE_EXECUTABLE_FOLDER_PATH)/LogoName";
			};
			name = Debug;
		};
		F45024752A73A49B00D8C1DD /* Release */ = {
			isa = XCBuildConfiguration;
			buildSettings = {
				ALWAYS_EMBED_SWIFT_STANDARD_LIBRARIES = YES;
				BUNDLE_LOADER = "$(TEST_HOST)";
				CODE_SIGN_STYLE = Automatic;
				CURRENT_PROJECT_VERSION = 1;
				GENERATE_INFOPLIST_FILE = YES;
				IPHONEOS_DEPLOYMENT_TARGET = 16.4;
				MARKETING_VERSION = 1.0;
				PRODUCT_BUNDLE_IDENTIFIER = s3819347.asm1.LogoNameTests;
				PRODUCT_NAME = "$(TARGET_NAME)";
				SWIFT_EMIT_LOC_STRINGS = NO;
				SWIFT_VERSION = 5.0;
				TARGETED_DEVICE_FAMILY = "1,2";
				TEST_HOST = "$(BUILT_PRODUCTS_DIR)/LogoName.app/$(BUNDLE_EXECUTABLE_FOLDER_PATH)/LogoName";
			};
			name = Release;
		};
		F45024772A73A49B00D8C1DD /* Debug */ = {
			isa = XCBuildConfiguration;
			buildSettings = {
				ALWAYS_EMBED_SWIFT_STANDARD_LIBRARIES = YES;
				CODE_SIGN_STYLE = Automatic;
				CURRENT_PROJECT_VERSION = 1;
				GENERATE_INFOPLIST_FILE = YES;
				MARKETING_VERSION = 1.0;
				PRODUCT_BUNDLE_IDENTIFIER = s3819347.asm1.LogoNameUITests;
				PRODUCT_NAME = "$(TARGET_NAME)";
				SWIFT_EMIT_LOC_STRINGS = NO;
				SWIFT_VERSION = 5.0;
				TARGETED_DEVICE_FAMILY = "1,2";
				TEST_TARGET_NAME = LogoName;
			};
			name = Debug;
		};
		F45024782A73A49B00D8C1DD /* Release */ = {
			isa = XCBuildConfiguration;
			buildSettings = {
				ALWAYS_EMBED_SWIFT_STANDARD_LIBRARIES = YES;
				CODE_SIGN_STYLE = Automatic;
				CURRENT_PROJECT_VERSION = 1;
				GENERATE_INFOPLIST_FILE = YES;
				MARKETING_VERSION = 1.0;
				PRODUCT_BUNDLE_IDENTIFIER = s3819347.asm1.LogoNameUITests;
				PRODUCT_NAME = "$(TARGET_NAME)";
				SWIFT_EMIT_LOC_STRINGS = NO;
				SWIFT_VERSION = 5.0;
				TARGETED_DEVICE_FAMILY = "1,2";
				TEST_TARGET_NAME = LogoName;
			};
			name = Release;
		};
/* End XCBuildConfiguration section */

/* Begin XCConfigurationList section */
		F45024472A73A49800D8C1DD /* Build configuration list for PBXProject "LogoName" */ = {
			isa = XCConfigurationList;
			buildConfigurations = (
				F450246E2A73A49B00D8C1DD /* Debug */,
				F450246F2A73A49B00D8C1DD /* Release */,
			);
			defaultConfigurationIsVisible = 0;
			defaultConfigurationName = Release;
		};
		F45024702A73A49B00D8C1DD /* Build configuration list for PBXNativeTarget "LogoName" */ = {
			isa = XCConfigurationList;
			buildConfigurations = (
				F45024712A73A49B00D8C1DD /* Debug */,
				F45024722A73A49B00D8C1DD /* Release */,
			);
			defaultConfigurationIsVisible = 0;
			defaultConfigurationName = Release;
		};
		F45024732A73A49B00D8C1DD /* Build configuration list for PBXNativeTarget "LogoNameTests" */ = {
			isa = XCConfigurationList;
			buildConfigurations = (
				F45024742A73A49B00D8C1DD /* Debug */,
				F45024752A73A49B00D8C1DD /* Release */,
			);
			defaultConfigurationIsVisible = 0;
			defaultConfigurationName = Release;
		};
		F45024762A73A49B00D8C1DD /* Build configuration list for PBXNativeTarget "LogoNameUITests" */ = {
			isa = XCConfigurationList;
			buildConfigurations = (
				F45024772A73A49B00D8C1DD /* Debug */,
				F45024782A73A49B00D8C1DD /* Release */,
			);
			defaultConfigurationIsVisible = 0;
			defaultConfigurationName = Release;
		};
/* End XCConfigurationList section */
	};
	rootObject = F45024442A73A49800D8C1DD /* Project object */;
}
